
Microsoft Visual Studio Solution File, Format Version 12.00
# Visual Studio 15
VisualStudioVersion = 15.0.27019.1
MinimumVisualStudioVersion = 10.0.40219.1
Project("{9A19103F-16F7-4668-BE54-9A1E7A4F7556}") = "WebApplication45", "WebApplication45\WebApplication45.csproj", "{1719CEA4-E27C-4A44-81B1-A604E9C8842F}"
EndProject
Project("{2150E333-8FDC-42A3-9474-1A3956D46DE8}") = "Solution Items", "Solution Items", "{BF781D2A-C078-44D6-8E8D-9E7EE97F9EA3}"
	ProjectSection(SolutionItems) = preProject
		manifest.yml = manifest.yml
	EndProjectSection
EndProject
Global
	GlobalSection(SolutionConfigurationPlatforms) = preSolution
		Debug|Any CPU = Debug|Any CPU
		Release|Any CPU = Release|Any CPU
	EndGlobalSection
	GlobalSection(ProjectConfigurationPlatforms) = postSolution
		{1719CEA4-E27C-4A44-81B1-A604E9C8842F}.Debug|Any CPU.ActiveCfg = Debug|Any CPU
		{1719CEA4-E27C-4A44-81B1-A604E9C8842F}.Debug|Any CPU.Build.0 = Debug|Any CPU
		{1719CEA4-E27C-4A44-81B1-A604E9C8842F}.Release|Any CPU.ActiveCfg = Release|Any CPU
		{1719CEA4-E27C-4A44-81B1-A604E9C8842F}.Release|Any CPU.Build.0 = Release|Any CPU
	EndGlobalSection
	GlobalSection(SolutionProperties) = preSolution
		HideSolutionNode = FALSE
	EndGlobalSection
	GlobalSection(ExtensibilityGlobals) = postSolution
		SolutionGuid = {42B20325-7E8B-48BB-A4D0-701CE243F4B9}
	EndGlobalSection
EndGlobal
